
Microsoft Visual Studio Solution File, Format Version 12.00
# Visual Studio Version 17
VisualStudioVersion = 17.4.33103.184
MinimumVisualStudioVersion = 10.0.40219.1
Project("{FAE04EC0-301F-11D3-BF4B-00C04F79EFBC}") = "Text Maker", "Text Maker\Text Maker.csproj", "{068E628F-E24E-4011-8343-E580E1BB24F5}"
EndProject
Global
	GlobalSection(SolutionConfigurationPlatforms) = preSolution
		Debug|Any CPU = Debug|Any CPU
		Release|Any CPU = Release|Any CPU
	EndGlobalSection
	GlobalSection(ProjectConfigurationPlatforms) = postSolution
		{068E628F-E24E-4011-8343-E580E1BB24F5}.Debug|Any CPU.ActiveCfg = Debug|Any CPU
		{068E628F-E24E-4011-8343-E580E1BB24F5}.Debug|Any CPU.Build.0 = Debug|Any CPU
		{068E628F-E24E-4011-8343-E580E1BB24F5}.Release|Any CPU.ActiveCfg = Release|Any CPU
		{068E628F-E24E-4011-8343-E580E1BB24F5}.Release|Any CPU.Build.0 = Release|Any CPU
	EndGlobalSection
	GlobalSection(SolutionProperties) = preSolution
		HideSolutionNode = FALSE
	EndGlobalSection
	GlobalSection(ExtensibilityGlobals) = postSolution
		SolutionGuid = {69C6AC27-D4BE-4DED-8D06-1F9D1C689307}
	EndGlobalSection
EndGlobal
